
Microsoft Visual Studio Solution File, Format Version 12.00
# Visual Studio Version 16
VisualStudioVersion = 16.0.31424.327
MinimumVisualStudioVersion = 10.0.40219.1
Project("{FAE04EC0-301F-11D3-BF4B-00C04F79EFBC}") = "Unit2_Calculator_KR", "Unit2_Calculator_KR\Unit2_Calculator_KR.csproj", "{02B43818-CB19-463D-89A8-B9E6AF6D5793}"
EndProject
Global
	GlobalSection(SolutionConfigurationPlatforms) = preSolution
		Debug|Any CPU = Debug|Any CPU
		Release|Any CPU = Release|Any CPU
	EndGlobalSection
	GlobalSection(ProjectConfigurationPlatforms) = postSolution
		{02B43818-CB19-463D-89A8-B9E6AF6D5793}.Debug|Any CPU.ActiveCfg = Debug|Any CPU
		{02B43818-CB19-463D-89A8-B9E6AF6D5793}.Debug|Any CPU.Build.0 = Debug|Any CPU
		{02B43818-CB19-463D-89A8-B9E6AF6D5793}.Release|Any CPU.ActiveCfg = Release|Any CPU
		{02B43818-CB19-463D-89A8-B9E6AF6D5793}.Release|Any CPU.Build.0 = Release|Any CPU
	EndGlobalSection
	GlobalSection(SolutionProperties) = preSolution
		HideSolutionNode = FALSE
	EndGlobalSection
	GlobalSection(ExtensibilityGlobals) = postSolution
		SolutionGuid = {ABC53D8A-F4E6-4C0F-B423-673B78D8843A}
	EndGlobalSection
EndGlobal
